<?xml version="1.0" encoding="utf-8"?>
<Project ToolsVersion="4.0" xmlns="http://schemas.microsoft.com/developer/msbuild/2003">
  <ItemGroup>
    <Filter Include="ソース ファイル">
      <UniqueIdentifier>{4FC737F1-C7A5-4376-A066-2A32D752A2FF}</UniqueIdentifier>
      <Extensions>cpp;c;cc;cxx;def;odl;idl;hpj;bat;asm;asmx</Extensions>
    </Filter>
    <Filter Include="ヘッダー ファイル">
      <UniqueIdentifier>{93995380-89BD-4b04-88EB-625FBE52EBFB}</UniqueIdentifier>
      <Extensions>h;hh;hpp;hxx;hm;inl;inc;xsd</Extensions>
    </Filter>
    <Filter Include="リソース ファイル">
      <UniqueIdentifier>{67DA6AB6-F800-4c08-8B7A-83BB121AAD01}</UniqueIdentifier>
      <Extensions>rc;ico;cur;bmp;dlg;rc2;rct;bin;rgs;gif;jpg;jpeg;jpe;resx;tiff;tif;png;wav;mfcribbon-ms</Extensions>
    </Filter>
    <Filter Include="ソース ファイル\GameFramework">
      <UniqueIdentifier>{90a5b9b8-514d-46f8-80fe-000862439625}</UniqueIdentifier>
    </Filter>
    <Filter Include="ソース ファイル\GameFramework\framework">
      <UniqueIdentifier>{364a7342-b42d-4310-bddd-47f4b16d3e49}</UniqueIdentifier>
    </Filter>
    <Filter Include="ソース ファイル\GameFramework\framework\AnimationCurve">
      <UniqueIdentifier>{a1661ec4-9e32-4ddc-b7ff-b8e2ba0550fb}</UniqueIdentifier>
    </Filter>
    <Filter Include="ソース ファイル\GameFramework\framework\Application">
      <UniqueIdentifier>{445e785d-157d-40de-9698-8d9bbe00129c}</UniqueIdentifier>
    </Filter>
    <Filter Include="ソース ファイル\GameFramework\framework\Application\DirectX">
      <UniqueIdentifier>{1face33e-b152-40c4-af8e-336e5d39385c}</UniqueIdentifier>
    </Filter>
    <Filter Include="ソース ファイル\GameFramework\framework\Convert">
      <UniqueIdentifier>{d360a84a-9566-4a04-a0b4-cbf42a23dcf2}</UniqueIdentifier>
    </Filter>
    <Filter Include="ソース ファイル\GameFramework\framework\CPPEvent">
      <UniqueIdentifier>{b6ed0d7b-fe31-48a0-bb57-615990a713ab}</UniqueIdentifier>
    </Filter>
    <Filter Include="ソース ファイル\GameFramework\framework\Debug">
      <UniqueIdentifier>{c759ec72-1a44-406b-a884-a6840ebe899d}</UniqueIdentifier>
    </Filter>
    <Filter Include="ソース ファイル\GameFramework\framework\Delegate">
      <UniqueIdentifier>{a386f4db-b89c-43d7-972a-905551863918}</UniqueIdentifier>
    </Filter>
    <Filter Include="ソース ファイル\GameFramework\framework\DirectX">
      <UniqueIdentifier>{331d32e9-75bf-4fc1-aafd-5263fe29eb8f}</UniqueIdentifier>
    </Filter>
    <Filter Include="ソース ファイル\GameFramework\framework\DirectX\Ver.11">
      <UniqueIdentifier>{fcedbae2-9f8d-42d9-83c4-d87794984113}</UniqueIdentifier>
    </Filter>
    <Filter Include="ソース ファイル\GameFramework\framework\Screen">
      <UniqueIdentifier>{92856046-8c1e-4298-ba08-642f6806298f}</UniqueIdentifier>
    </Filter>
    <Filter Include="ソース ファイル\GameFramework\framework\Singleton">
      <UniqueIdentifier>{9884ac27-f916-4a80-abc0-209c0cd37920}</UniqueIdentifier>
    </Filter>
    <Filter Include="ソース ファイル\GameFramework\framework\Time">
      <UniqueIdentifier>{710b30d1-ffbf-4a8d-a40c-66ab1d8fb18d}</UniqueIdentifier>
    </Filter>
    <Filter Include="ソース ファイル\GameFramework\framework\Utility">
      <UniqueIdentifier>{67cd3926-d1a8-4096-9416-50ac249b1da4}</UniqueIdentifier>
    </Filter>
    <Filter Include="ソース ファイル\GameFramework\framework\Utility\Math">
      <UniqueIdentifier>{96b49efa-7294-4360-8fd7-8d671cfa3bf8}</UniqueIdentifier>
    </Filter>
    <Filter Include="ソース ファイル\GameFramework\framework\Utility\System">
      <UniqueIdentifier>{9b9384b5-84f2-46a3-9c84-0677f59d50db}</UniqueIdentifier>
    </Filter>
    <Filter Include="ソース ファイル\GameFramework\framework\Math">
      <UniqueIdentifier>{d9c6687f-f9fd-45fc-ae37-de6c18f03731}</UniqueIdentifier>
    </Filter>
    <Filter Include="ソース ファイル\GameFramework\framework\Math\Matrix">
      <UniqueIdentifier>{13378320-98c2-4085-85c7-6a462f4bfd43}</UniqueIdentifier>
    </Filter>
    <Filter Include="ソース ファイル\GameFramework\framework\Math\Matrix\Matrix4x4">
      <UniqueIdentifier>{4e86f176-6d6e-480f-86c4-43a90154b58a}</UniqueIdentifier>
    </Filter>
    <Filter Include="ソース ファイル\GameFramework\framework\Math\Vector">
      <UniqueIdentifier>{c4431143-5b8a-47d0-ae40-bd7e2c9997b9}</UniqueIdentifier>
    </Filter>
    <Filter Include="ソース ファイル\GameFramework\framework\Math\Vector\Vector2">
      <UniqueIdentifier>{2c5d9074-0858-41bb-ac30-e2e36703e406}</UniqueIdentifier>
    </Filter>
    <Filter Include="ソース ファイル\GameFramework\framework\Math\Vector\Vector3">
      <UniqueIdentifier>{fc3f6f59-6f37-4d27-b1e6-c110b8d16ac2}</UniqueIdentifier>
    </Filter>
    <Filter Include="ソース ファイル\GameFramework\framework\Math\Vector\Vector4">
      <UniqueIdentifier>{a5255068-054d-4c22-b13a-6c12c4d6d67c}</UniqueIdentifier>
    </Filter>
    <Filter Include="ソース ファイル\GameFramework\framework\Math\Funcs">
      <UniqueIdentifier>{fc34edfa-8e72-495a-8251-8bbeb32f04cc}</UniqueIdentifier>
    </Filter>
    <Filter Include="ソース ファイル\GameFramework\framework\Resource">
      <UniqueIdentifier>{f729ccba-9a10-4a62-a41b-dd2cc52c7e51}</UniqueIdentifier>
    </Filter>
    <Filter Include="ソース ファイル\GameFramework\framework\Resource\Texture">
      <UniqueIdentifier>{7a1fe877-004c-4af4-95a1-78ded27f4749}</UniqueIdentifier>
    </Filter>
    <Filter Include="ソース ファイル\GameFramework\framework\Resource\Base">
      <UniqueIdentifier>{594d4ac1-dbac-4b5f-b1bc-4d6e1415ef3f}</UniqueIdentifier>
    </Filter>
    <Filter Include="ソース ファイル\GameFramework\framework\Resource\Manager">
      <UniqueIdentifier>{1bf61612-c9f6-4796-9a40-8abde0e1f058}</UniqueIdentifier>
    </Filter>
    <Filter Include="ソース ファイル\GameFramework\framework\Graphic">
      <UniqueIdentifier>{69479914-833c-4a7a-bee1-c1ea79765265}</UniqueIdentifier>
    </Filter>
    <Filter Include="ソース ファイル\GameFramework\framework\Graphic\IGraphics">
      <UniqueIdentifier>{0f7f15b4-3339-4b37-af75-d51e8850c631}</UniqueIdentifier>
    </Filter>
    <Filter Include="ソース ファイル\GameFramework\framework\Input">
      <UniqueIdentifier>{c986266a-c9fa-4697-99b5-0e7c1e6f5df6}</UniqueIdentifier>
    </Filter>
    <Filter Include="ソース ファイル\GameFramework\framework\Save">
      <UniqueIdentifier>{198a7f31-ec46-4088-95b7-d245277e373e}</UniqueIdentifier>
    </Filter>
    <Filter Include="ソース ファイル\GameFramework\framework\Save\Factory">
      <UniqueIdentifier>{0b066fbd-5a70-4397-948e-26040d128813}</UniqueIdentifier>
    </Filter>
    <Filter Include="ソース ファイル\GameFramework\framework\Save\Manager">
      <UniqueIdentifier>{5c8a745e-6555-4826-96a8-a727d05c7ba3}</UniqueIdentifier>
    </Filter>
    <Filter Include="ソース ファイル\GameFramework\framework\Save\Obj">
      <UniqueIdentifier>{0641dcc1-9710-4c02-a89c-a30d6869529b}</UniqueIdentifier>
    </Filter>
    <Filter Include="ソース ファイル\GameFramework\framework\Scene">
      <UniqueIdentifier>{59dbbf45-d83f-4989-b64b-2d0dde2f238f}</UniqueIdentifier>
    </Filter>
    <Filter Include="ソース ファイル\GameFramework\framework\Scene\Base">
      <UniqueIdentifier>{cc0f1ab2-cc49-45c6-bffe-38d35c059767}</UniqueIdentifier>
    </Filter>
    <Filter Include="ソース ファイル\GameFramework\framework\Scene\Fade">
      <UniqueIdentifier>{202206ee-b330-4701-a8c4-24224d9ad235}</UniqueIdentifier>
    </Filter>
    <Filter Include="ソース ファイル\GameFramework\framework\Scene\Manager">
      <UniqueIdentifier>{a014108a-bd75-45af-a2e9-cc00278be9a5}</UniqueIdentifier>
    </Filter>
    <Filter Include="ソース ファイル\GameFramework\framework\Scene\ManagerWin">
      <UniqueIdentifier>{d3703716-8bdf-4a47-a782-ab76e974d85a}</UniqueIdentifier>
    </Filter>
    <Filter Include="ソース ファイル\GameFramework\framework\Object">
      <UniqueIdentifier>{32d6302d-dc6d-4355-a367-8c465d25cbdc}</UniqueIdentifier>
    </Filter>
    <Filter Include="ソース ファイル\GameFramework\DelayFunction">
      <UniqueIdentifier>{f0aa07f0-04c7-43d6-9e47-402b01836f4e}</UniqueIdentifier>
    </Filter>
    <Filter Include="ソース ファイル\GameFramework\DelayFunction\Collection">
      <UniqueIdentifier>{c1fba621-3c3b-4d90-8434-a09c0d05473b}</UniqueIdentifier>
    </Filter>
    <Filter Include="ソース ファイル\GameFramework\Transform">
      <UniqueIdentifier>{ebfc4858-93b0-4b71-ac94-da7420ca37ea}</UniqueIdentifier>
    </Filter>
    <Filter Include="ソース ファイル\GameFramework\framework\Collision">
      <UniqueIdentifier>{09ee6b79-e223-4126-943c-f2f40353cd83}</UniqueIdentifier>
    </Filter>
    <Filter Include="ソース ファイル\GameFramework\framework\Camera">
      <UniqueIdentifier>{6265cd88-4970-4436-b2fb-aec92ce2b214}</UniqueIdentifier>
    </Filter>
    <Filter Include="ソース ファイル\GameFramework\framework\Object\Object3D">
      <UniqueIdentifier>{668fa619-55f7-457e-a2e1-685f2aa65061}</UniqueIdentifier>
    </Filter>
    <Filter Include="ソース ファイル\GameFramework\framework\Object\Object2D">
      <UniqueIdentifier>{22e2aada-13be-4b22-9e07-3cf2ccdc1845}</UniqueIdentifier>
    </Filter>
    <Filter Include="ソース ファイル\GameFramework\framework\Object\Base">
      <UniqueIdentifier>{744d5c1d-e20c-4853-8431-86664e218fde}</UniqueIdentifier>
    </Filter>
    <Filter Include="ソース ファイル\GameFramework\framework\Resource\Mesh">
      <UniqueIdentifier>{89d4ee00-8ab7-4568-83c5-fb5a87adeaac}</UniqueIdentifier>
    </Filter>
    <Filter Include="ソース ファイル\GameFramework\framework\Resource\Mesh\Analyzer">
      <UniqueIdentifier>{f6ef3b2d-149b-4d4e-8626-a4ada371c898}</UniqueIdentifier>
    </Filter>
    <Filter Include="ソース ファイル\GameFramework\framework\Resource\Mesh\Analyzer\UV">
      <UniqueIdentifier>{668118ba-cda7-44e1-b1cd-4c69f69c8066}</UniqueIdentifier>
    </Filter>
    <Filter Include="ソース ファイル\GameFramework\framework\Resource\Mesh\Analyzer\Material">
      <UniqueIdentifier>{b06efcc1-6c8a-4710-a17d-d6a1861fe4db}</UniqueIdentifier>
    </Filter>
    <Filter Include="ソース ファイル\GameFramework\framework\Light">
      <UniqueIdentifier>{e8ec288f-60d2-4a47-a1d6-854315dc5401}</UniqueIdentifier>
    </Filter>
    <Filter Include="ソース ファイル\GameFramework\framework\Math\Quaternion">
      <UniqueIdentifier>{b65ea478-b81d-4efe-a502-378d2b0d1ce9}</UniqueIdentifier>
    </Filter>
    <Filter Include="ソース ファイル\GameFramework\framework\Math\EulerAngle">
      <UniqueIdentifier>{4ac33e95-2341-48ef-8712-00272aba5f1c}</UniqueIdentifier>
    </Filter>
    <Filter Include="ソース ファイル\GameFramework\framework\Resource\Shader">
      <UniqueIdentifier>{c6604532-f9d8-4209-951c-c5e1463715c0}</UniqueIdentifier>
    </Filter>
    <Filter Include="ソース ファイル\GameFramework\DirectX">
      <UniqueIdentifier>{74d940a9-2ece-4254-8ac4-6430b907e01a}</UniqueIdentifier>
    </Filter>
    <Filter Include="ソース ファイル\Scene">
      <UniqueIdentifier>{df69c9da-7ea1-41ea-b675-ea61ed3341b7}</UniqueIdentifier>
    </Filter>
    <Filter Include="ソース ファイル\DirectX">
      <UniqueIdentifier>{420528da-46d7-4202-9471-44a31a8cccde}</UniqueIdentifier>
    </Filter>
  </ItemGroup>
  <ItemGroup>
    <ClCompile Include="src\main.cpp">
      <Filter>ソース ファイル</Filter>
    </ClCompile>
    <ClCompile Include="src\GameFramework\framework\AnimationCurve\AnimationCurve.cpp">
      <Filter>ソース ファイル\GameFramework\framework\AnimationCurve</Filter>
    </ClCompile>
    <ClCompile Include="src\GameFramework\framework\Application\Application.cpp">
      <Filter>ソース ファイル\GameFramework\framework\Application</Filter>
    </ClCompile>
    <ClCompile Include="src\GameFramework\framework\Application\DirectX\DXApplication.cpp">
      <Filter>ソース ファイル\GameFramework\framework\Application\DirectX</Filter>
    </ClCompile>
    <ClCompile Include="src\GameFramework\framework\Debug\Debug.cpp">
      <Filter>ソース ファイル\GameFramework\framework\Debug</Filter>
    </ClCompile>
    <ClCompile Include="src\GameFramework\framework\Screen\Screen.cpp">
      <Filter>ソース ファイル\GameFramework\framework\Screen</Filter>
    </ClCompile>
    <ClCompile Include="src\GameFramework\framework\Time\Time.cpp">
      <Filter>ソース ファイル\GameFramework\framework\Time</Filter>
    </ClCompile>
    <ClCompile Include="src\GameFramework\framework\Utility\Math\MathUtility.cpp">
      <Filter>ソース ファイル\GameFramework\framework\Utility\Math</Filter>
    </ClCompile>
    <ClCompile Include="src\GameFramework\framework\DirectX\DX11Base.cpp">
      <Filter>ソース ファイル\GameFramework\framework\DirectX\Ver.11</Filter>
    </ClCompile>
    <ClCompile Include="src\GameFramework\framework\Math\Matrix\Matrix4x4\Matrix4x4.cpp">
      <Filter>ソース ファイル\GameFramework\framework\Math\Matrix\Matrix4x4</Filter>
    </ClCompile>
    <ClCompile Include="src\GameFramework\framework\Math\Vector\Vector4\Vector4.cpp">
      <Filter>ソース ファイル\GameFramework\framework\Math\Vector\Vector4</Filter>
    </ClCompile>
    <ClCompile Include="src\GameFramework\framework\Math\Vector\Vector3\Vector3.cpp">
      <Filter>ソース ファイル\GameFramework\framework\Math\Vector\Vector3</Filter>
    </ClCompile>
    <ClCompile Include="src\GameFramework\framework\Math\Vector\Vector2\Vector2.cpp">
      <Filter>ソース ファイル\GameFramework\framework\Math\Vector\Vector2</Filter>
    </ClCompile>
    <ClCompile Include="src\GameFramework\framework\Math\Funcs\MathFuncs.cpp">
      <Filter>ソース ファイル\GameFramework\framework\Math\Funcs</Filter>
    </ClCompile>
    <ClCompile Include="src\GameFramework\framework\Resource\Base\IResource.cpp">
      <Filter>ソース ファイル\GameFramework\framework\Resource\Base</Filter>
    </ClCompile>
    <ClCompile Include="src\GameFramework\framework\Resource\Texture\Texture.cpp">
      <Filter>ソース ファイル\GameFramework\framework\Resource\Texture</Filter>
    </ClCompile>
    <ClCompile Include="src\GameFramework\framework\Graphic\Graphics.cpp">
      <Filter>ソース ファイル\GameFramework\framework\Graphic</Filter>
    </ClCompile>
    <ClCompile Include="src\GameFramework\framework\Input\Input.cpp">
      <Filter>ソース ファイル\GameFramework\framework\Input</Filter>
    </ClCompile>
    <ClCompile Include="src\GameFramework\framework\Save\Obj\SaveObjBase.cpp">
      <Filter>ソース ファイル\GameFramework\framework\Save\Obj</Filter>
    </ClCompile>
    <ClCompile Include="src\GameFramework\framework\Save\Manager\SaveManagerBase.cpp">
      <Filter>ソース ファイル\GameFramework\framework\Save\Manager</Filter>
    </ClCompile>
    <ClCompile Include="src\GameFramework\framework\Save\Factory\SaveFactory.cpp">
      <Filter>ソース ファイル\GameFramework\framework\Save\Factory</Filter>
    </ClCompile>
    <ClCompile Include="src\GameFramework\framework\Scene\ManagerWin\SceneManagerWin.cpp">
      <Filter>ソース ファイル\GameFramework\framework\Scene\ManagerWin</Filter>
    </ClCompile>
    <ClCompile Include="src\GameFramework\framework\Scene\Manager\SceneManager.cpp">
      <Filter>ソース ファイル\GameFramework\framework\Scene\Manager</Filter>
    </ClCompile>
    <ClCompile Include="src\GameFramework\framework\Scene\Fade\SceneFadeBase.cpp">
      <Filter>ソース ファイル\GameFramework\framework\Scene\Fade</Filter>
    </ClCompile>
    <ClCompile Include="src\GameFramework\Transform\Transform.cpp">
      <Filter>ソース ファイル\GameFramework\Transform</Filter>
    </ClCompile>
    <ClCompile Include="src\GameFramework\framework\Collision\Collision.cpp">
      <Filter>ソース ファイル\GameFramework\framework\Collision</Filter>
    </ClCompile>
    <ClCompile Include="src\GameFramework\framework\Camera\Camera.cpp">
      <Filter>ソース ファイル\GameFramework\framework\Camera</Filter>
    </ClCompile>
    <ClCompile Include="src\GameFramework\framework\Object\Object.cpp">
      <Filter>ソース ファイル\GameFramework\framework\Object\Base</Filter>
    </ClCompile>
    <ClCompile Include="src\GameFramework\framework\Object\3DObject\Object3D.cpp">
      <Filter>ソース ファイル\GameFramework\framework\Object\Object3D</Filter>
    </ClCompile>
    <ClCompile Include="src\GameFramework\framework\Resource\Mesh\Mesh.cpp">
      <Filter>ソース ファイル\GameFramework\framework\Resource\Mesh</Filter>
    </ClCompile>
    <ClCompile Include="src\GameFramework\framework\Resource\Mesh\Analyzer\UVAnalyzer.cpp">
      <Filter>ソース ファイル\GameFramework\framework\Resource\Mesh\Analyzer\UV</Filter>
    </ClCompile>
    <ClCompile Include="src\GameFramework\framework\Resource\Mesh\Analyzer\MaterialAnalyzer.cpp">
      <Filter>ソース ファイル\GameFramework\framework\Resource\Mesh\Analyzer\Material</Filter>
    </ClCompile>
    <ClCompile Include="src\GameFramework\DelayFunction\Collection\DelayFunctionCollection.cpp">
      <Filter>ソース ファイル\GameFramework\DelayFunction\Collection</Filter>
    </ClCompile>
    <ClCompile Include="src\GameFramework\DelayFunction\DelayFunction.cpp">
      <Filter>ソース ファイル\GameFramework\DelayFunction</Filter>
    </ClCompile>
    <ClCompile Include="src\GameFramework\framework\Light\Light.cpp">
      <Filter>ソース ファイル\GameFramework\framework\Light</Filter>
    </ClCompile>
    <ClCompile Include="src\GameFramework\framework\Math\Quaternion\Quaternion.cpp">
      <Filter>ソース ファイル\GameFramework\framework\Math\Quaternion</Filter>
    </ClCompile>
    <ClCompile Include="src\GameFramework\framework\Math\EularAngles\EulerAngles.cpp">
      <Filter>ソース ファイル\GameFramework\framework\Math\EulerAngle</Filter>
    </ClCompile>
    <ClCompile Include="src\GameFramework\DirectX\GameDirectX11Base.cpp">
      <Filter>ソース ファイル\GameFramework\DirectX</Filter>
    </ClCompile>
    <ClCompile Include="src\Scene\CheckScene.cpp">
      <Filter>ソース ファイル\Scene</Filter>
    </ClCompile>
    <ClCompile Include="src\DirectX\GameDirectX11.cpp">
      <Filter>ソース ファイル\DirectX</Filter>
    </ClCompile>
  </ItemGroup>
  <ItemGroup>
    <ClInclude Include="src\GameFramework\framework\AnimationCurve\AnimationCurve.h">
      <Filter>ソース ファイル\GameFramework\framework\AnimationCurve</Filter>
    </ClInclude>
    <ClInclude Include="src\GameFramework\framework\Application\Application.h">
      <Filter>ソース ファイル\GameFramework\framework\Application</Filter>
    </ClInclude>
    <ClInclude Include="src\GameFramework\framework\Application\DirectX\DXApplication.h">
      <Filter>ソース ファイル\GameFramework\framework\Application\DirectX</Filter>
    </ClInclude>
    <ClInclude Include="src\GameFramework\framework\Convert\Convert.h">
      <Filter>ソース ファイル\GameFramework\framework\Convert</Filter>
    </ClInclude>
    <ClInclude Include="src\GameFramework\framework\Debug\Debug.h">
      <Filter>ソース ファイル\GameFramework\framework\Debug</Filter>
    </ClInclude>
    <ClInclude Include="src\GameFramework\framework\DirectX\DXBase.h">
      <Filter>ソース ファイル\GameFramework\framework\DirectX</Filter>
    </ClInclude>
    <ClInclude Include="src\GameFramework\framework\Screen\Screen.h">
      <Filter>ソース ファイル\GameFramework\framework\Screen</Filter>
    </ClInclude>
    <ClInclude Include="src\GameFramework\framework\Singleton\Singleton.h">
      <Filter>ソース ファイル\GameFramework\framework\Singleton</Filter>
    </ClInclude>
    <ClInclude Include="src\GameFramework\framework\Time\Time.h">
      <Filter>ソース ファイル\GameFramework\framework\Time</Filter>
    </ClInclude>
    <ClInclude Include="src\GameFramework\framework\Utility\System\SystemUtility.h">
      <Filter>ソース ファイル\GameFramework\framework\Utility\System</Filter>
    </ClInclude>
    <ClInclude Include="src\GameFramework\framework\Utility\Math\MathUtility.h">
      <Filter>ソース ファイル\GameFramework\framework\Utility\Math</Filter>
    </ClInclude>
    <ClInclude Include="src\GameFramework\framework\DirectX\DX11Base.h">
      <Filter>ソース ファイル\GameFramework\framework\DirectX\Ver.11</Filter>
    </ClInclude>
    <ClInclude Include="src\GameFramework\framework\Math\Matrix\Matrix4x4\Matrix4x4.h">
      <Filter>ソース ファイル\GameFramework\framework\Math\Matrix\Matrix4x4</Filter>
    </ClInclude>
    <ClInclude Include="src\GameFramework\framework\Math\Vector\Vector4\Vector4.h">
      <Filter>ソース ファイル\GameFramework\framework\Math\Vector\Vector4</Filter>
    </ClInclude>
    <ClInclude Include="src\GameFramework\framework\Math\Vector\Vector3\Vector3.h">
      <Filter>ソース ファイル\GameFramework\framework\Math\Vector\Vector3</Filter>
    </ClInclude>
    <ClInclude Include="src\GameFramework\framework\Math\Vector\Vector2\Vector2.h">
      <Filter>ソース ファイル\GameFramework\framework\Math\Vector\Vector2</Filter>
    </ClInclude>
    <ClInclude Include="src\GameFramework\framework\Math\Funcs\MathFuncs.h">
      <Filter>ソース ファイル\GameFramework\framework\Math\Funcs</Filter>
    </ClInclude>
    <ClInclude Include="src\GameFramework\framework\Resource\Base\IResource.h">
      <Filter>ソース ファイル\GameFramework\framework\Resource\Base</Filter>
    </ClInclude>
    <ClInclude Include="src\GameFramework\framework\Resource\Texture\Texture.h">
      <Filter>ソース ファイル\GameFramework\framework\Resource\Texture</Filter>
    </ClInclude>
    <ClInclude Include="src\GameFramework\framework\Graphic\IGraphics\IGraphics.h">
      <Filter>ソース ファイル\GameFramework\framework\Graphic\IGraphics</Filter>
    </ClInclude>
    <ClInclude Include="src\GameFramework\framework\Graphic\Graphics.h">
      <Filter>ソース ファイル\GameFramework\framework\Graphic</Filter>
    </ClInclude>
    <ClInclude Include="src\GameFramework\framework\Resource\Manager\ResourceManager.h">
      <Filter>ソース ファイル\GameFramework\framework\Resource\Manager</Filter>
    </ClInclude>
    <ClInclude Include="src\GameFramework\framework\Input\Input.h">
      <Filter>ソース ファイル\GameFramework\framework\Input</Filter>
    </ClInclude>
    <ClInclude Include="src\GameFramework\framework\Math\MathDefine.h">
      <Filter>ソース ファイル\GameFramework\framework\Math</Filter>
    </ClInclude>
    <ClInclude Include="src\GameFramework\framework\Save\Obj\SaveObjBase.h">
      <Filter>ソース ファイル\GameFramework\framework\Save\Obj</Filter>
    </ClInclude>
    <ClInclude Include="src\GameFramework\framework\Save\Manager\SaveManagerBase.h">
      <Filter>ソース ファイル\GameFramework\framework\Save\Manager</Filter>
    </ClInclude>
    <ClInclude Include="src\GameFramework\framework\Save\Factory\SaveFactory.h">
      <Filter>ソース ファイル\GameFramework\framework\Save\Factory</Filter>
    </ClInclude>
    <ClInclude Include="src\GameFramework\framework\Scene\ManagerWin\SceneManagerWin.h">
      <Filter>ソース ファイル\GameFramework\framework\Scene\ManagerWin</Filter>
    </ClInclude>
    <ClInclude Include="src\GameFramework\framework\Scene\Manager\SceneManager.h">
      <Filter>ソース ファイル\GameFramework\framework\Scene\Manager</Filter>
    </ClInclude>
    <ClInclude Include="src\GameFramework\framework\Scene\Fade\SceneFadeBase.h">
      <Filter>ソース ファイル\GameFramework\framework\Scene\Fade</Filter>
    </ClInclude>
    <ClInclude Include="src\GameFramework\framework\Scene\Base\SceneBase.h">
      <Filter>ソース ファイル\GameFramework\framework\Scene\Base</Filter>
    </ClInclude>
    <ClInclude Include="src\GameFramework\Transform\Transform.h">
      <Filter>ソース ファイル\GameFramework\Transform</Filter>
    </ClInclude>
    <ClInclude Include="src\GameFramework\framework\Collision\cell.h">
      <Filter>ソース ファイル\GameFramework\framework\Collision</Filter>
    </ClInclude>
    <ClInclude Include="src\GameFramework\framework\Collision\Collision.h">
      <Filter>ソース ファイル\GameFramework\framework\Collision</Filter>
    </ClInclude>
    <ClInclude Include="src\GameFramework\framework\Camera\Camera.h">
      <Filter>ソース ファイル\GameFramework\framework\Camera</Filter>
    </ClInclude>
    <ClInclude Include="src\GameFramework\framework\Object\Object.h">
      <Filter>ソース ファイル\GameFramework\framework\Object\Base</Filter>
    </ClInclude>
    <ClInclude Include="src\GameFramework\framework\Object\3DObject\Object3D.h">
      <Filter>ソース ファイル\GameFramework\framework\Object\Object3D</Filter>
    </ClInclude>
    <ClInclude Include="src\GameFramework\framework\Resource\Mesh\Mesh.h">
      <Filter>ソース ファイル\GameFramework\framework\Resource\Mesh</Filter>
    </ClInclude>
    <ClInclude Include="src\GameFramework\framework\Resource\Mesh\Analyzer\UVAnalyzer.h">
      <Filter>ソース ファイル\GameFramework\framework\Resource\Mesh\Analyzer\UV</Filter>
    </ClInclude>
    <ClInclude Include="src\GameFramework\framework\Resource\Mesh\Analyzer\MaterialAnalyzer.h">
      <Filter>ソース ファイル\GameFramework\framework\Resource\Mesh\Analyzer\Material</Filter>
    </ClInclude>
    <ClInclude Include="src\GameFramework\DelayFunction\Collection\DelayFunctionCollection.h">
      <Filter>ソース ファイル\GameFramework\DelayFunction\Collection</Filter>
    </ClInclude>
    <ClInclude Include="src\GameFramework\DelayFunction\DelayFunction.h">
      <Filter>ソース ファイル\GameFramework\DelayFunction</Filter>
    </ClInclude>
    <ClInclude Include="src\GameFramework\framework\CPPEvent\CPPEvent.h">
      <Filter>ソース ファイル\GameFramework\framework\CPPEvent</Filter>
    </ClInclude>
    <ClInclude Include="src\GameFramework\framework\Delegate\Delegate.h">
      <Filter>ソース ファイル\GameFramework\framework\Delegate</Filter>
    </ClInclude>
    <ClInclude Include="src\GameFramework\framework\Delegate\IDelegate.h">
      <Filter>ソース ファイル\GameFramework\framework\Delegate</Filter>
    </ClInclude>
    <ClInclude Include="src\GameFramework\framework\Light\Light.h">
      <Filter>ソース ファイル\GameFramework\framework\Light</Filter>
    </ClInclude>
    <ClInclude Include="src\GameFramework\framework\Math\Quaternion\Quaternion.h">
      <Filter>ソース ファイル\GameFramework\framework\Math\Quaternion</Filter>
    </ClInclude>
    <ClInclude Include="src\GameFramework\framework\Math\EularAngles\EulerAngles.h">
      <Filter>ソース ファイル\GameFramework\framework\Math\EulerAngle</Filter>
    </ClInclude>
    <ClInclude Include="src\GameFramework\DirectX\GameDirectX11Base.h">
      <Filter>ソース ファイル\GameFramework\DirectX</Filter>
    </ClInclude>
    <ClInclude Include="src\Scene\CheckScene.h">
      <Filter>ソース ファイル\Scene</Filter>
    </ClInclude>
    <ClInclude Include="src\DirectX\GameDirectX11.h">
      <Filter>ソース ファイル\DirectX</Filter>
    </ClInclude>
  </ItemGroup>
  <ItemGroup>
    <None Include="Material.hlslh">
      <Filter>リソース ファイル</Filter>
    </None>
    <None Include="src\GameFramework\framework\Delegate\Delegate.inl">
      <Filter>ソース ファイル\GameFramework\framework\Delegate</Filter>
    </None>
    <None Include="src\GameFramework\framework\CPPEvent\CPPEvent.inl">
      <Filter>ソース ファイル\GameFramework\framework\CPPEvent</Filter>
    </None>
    <None Include="src\GameFramework\framework\Resource\Manager\ResourceManager.inl">
      <Filter>ソース ファイル\GameFramework\framework\Resource\Manager</Filter>
    </None>
  </ItemGroup>
  <ItemGroup>
    <FxCompile Include="Phong.hlsl">
      <Filter>リソース ファイル</Filter>
    </FxCompile>
    <FxCompile Include="Lambert.hlsl">
      <Filter>リソース ファイル</Filter>
    </FxCompile>
  </ItemGroup>
</Project>